
Microsoft Visual Studio Solution File, Format Version 12.00
# Visual Studio Version 16
VisualStudioVersion = 16.0.30907.101
MinimumVisualStudioVersion = 10.0.40219.1
Project("{FAE04EC0-301F-11D3-BF4B-00C04F79EFBC}") = "ReverseGeoCoding_Lab8", "ReverseGeoCoding_Lab8.csproj", "{44772CE1-8B14-4874-A199-56862F021BE3}"
EndProject
Global
	GlobalSection(SolutionConfigurationPlatforms) = preSolution
		Debug|Any CPU = Debug|Any CPU
		Release|Any CPU = Release|Any CPU
	EndGlobalSection
	GlobalSection(ProjectConfigurationPlatforms) = postSolution
		{44772CE1-8B14-4874-A199-56862F021BE3}.Debug|Any CPU.ActiveCfg = Debug|Any CPU
		{44772CE1-8B14-4874-A199-56862F021BE3}.Debug|Any CPU.Build.0 = Debug|Any CPU
		{44772CE1-8B14-4874-A199-56862F021BE3}.Release|Any CPU.ActiveCfg = Release|Any CPU
		{44772CE1-8B14-4874-A199-56862F021BE3}.Release|Any CPU.Build.0 = Release|Any CPU
	EndGlobalSection
	GlobalSection(SolutionProperties) = preSolution
		HideSolutionNode = FALSE
	EndGlobalSection
	GlobalSection(ExtensibilityGlobals) = postSolution
		SolutionGuid = {6A480715-5D3A-41E4-8263-6A18DF57D0A0}
	EndGlobalSection
EndGlobal
